
Microsoft Visual Studio Solution File, Format Version 12.00
# Visual Studio Version 16
VisualStudioVersion = 16.0.30413.136
MinimumVisualStudioVersion = 10.0.40219.1
Project("{FAE04EC0-301F-11D3-BF4B-00C04F79EFBC}") = "Like.Api", "Like.Api\Like.Api.csproj", "{E4C07023-186B-422B-BD96-20B8173EE6C3}"
EndProject
Project("{FAE04EC0-301F-11D3-BF4B-00C04F79EFBC}") = "Like.Domain", "Like.Domain\Like.Domain.csproj", "{1D30E585-E560-4471-A97B-08077F84B3F9}"
EndProject
Project("{FAE04EC0-301F-11D3-BF4B-00C04F79EFBC}") = "Like.Services", "Like.Services\Like.Services.csproj", "{C01855D5-1801-4AEB-898D-DCFFBC11B798}"
EndProject
Project("{FAE04EC0-301F-11D3-BF4B-00C04F79EFBC}") = "Like.RabbitMQ", "Like.RabbitMQ\Like.RabbitMQ.csproj", "{6ECAA943-44B3-4A63-884B-7F2953105394}"
EndProject
Global
	GlobalSection(SolutionConfigurationPlatforms) = preSolution
		Debug|Any CPU = Debug|Any CPU
		Release|Any CPU = Release|Any CPU
	EndGlobalSection
	GlobalSection(ProjectConfigurationPlatforms) = postSolution
		{E4C07023-186B-422B-BD96-20B8173EE6C3}.Debug|Any CPU.ActiveCfg = Debug|Any CPU
		{E4C07023-186B-422B-BD96-20B8173EE6C3}.Debug|Any CPU.Build.0 = Debug|Any CPU
		{E4C07023-186B-422B-BD96-20B8173EE6C3}.Release|Any CPU.ActiveCfg = Release|Any CPU
		{E4C07023-186B-422B-BD96-20B8173EE6C3}.Release|Any CPU.Build.0 = Release|Any CPU
		{1D30E585-E560-4471-A97B-08077F84B3F9}.Debug|Any CPU.ActiveCfg = Debug|Any CPU
		{1D30E585-E560-4471-A97B-08077F84B3F9}.Debug|Any CPU.Build.0 = Debug|Any CPU
		{1D30E585-E560-4471-A97B-08077F84B3F9}.Release|Any CPU.ActiveCfg = Release|Any CPU
		{1D30E585-E560-4471-A97B-08077F84B3F9}.Release|Any CPU.Build.0 = Release|Any CPU
		{C01855D5-1801-4AEB-898D-DCFFBC11B798}.Debug|Any CPU.ActiveCfg = Debug|Any CPU
		{C01855D5-1801-4AEB-898D-DCFFBC11B798}.Debug|Any CPU.Build.0 = Debug|Any CPU
		{C01855D5-1801-4AEB-898D-DCFFBC11B798}.Release|Any CPU.ActiveCfg = Release|Any CPU
		{C01855D5-1801-4AEB-898D-DCFFBC11B798}.Release|Any CPU.Build.0 = Release|Any CPU
		{6ECAA943-44B3-4A63-884B-7F2953105394}.Debug|Any CPU.ActiveCfg = Debug|Any CPU
		{6ECAA943-44B3-4A63-884B-7F2953105394}.Debug|Any CPU.Build.0 = Debug|Any CPU
		{6ECAA943-44B3-4A63-884B-7F2953105394}.Release|Any CPU.ActiveCfg = Release|Any CPU
		{6ECAA943-44B3-4A63-884B-7F2953105394}.Release|Any CPU.Build.0 = Release|Any CPU
	EndGlobalSection
	GlobalSection(SolutionProperties) = preSolution
		HideSolutionNode = FALSE
	EndGlobalSection
	GlobalSection(ExtensibilityGlobals) = postSolution
		SolutionGuid = {60123220-BDE8-4820-9319-D9EDB2E8A03B}
	EndGlobalSection
EndGlobal
